DEPENDENCIES
  addressbook
    path: .
    metadata: true
  java_ext
    git: https://github.com/fewbytes-cookbooks/java_ext
    revision: f10e64b263ecf9c78beca59f5007878fe911344a
    tag: master

GRAPH
  addressbook (0.1.0)
    apt (>= 0.0.0)
    artifact (>= 0.0.0)
    datadog (>= 0.0.0)
    java (>= 0.0.0)
    java_ext (>= 0.0.0)
    logrotate (>= 0.0.0)
    newrelic (>= 0.0.0)
    nginx (>= 0.0.0)
    ntp (>= 0.0.0)
    sudo (>= 0.0.0)
    tomcat (>= 0.0.0)
    users (>= 0.0.0)
  apt (2.9.2)
  artifact (1.12.2)
    windows (>= 0.0.0)
  bluepill (2.4.1)
    rsyslog (~> 2.0)
  build-essential (2.2.4)
  chef-sugar (3.3.0)
  chef_handler (1.1.9)
  curl (2.0.1)
  datadog (2.2.0)
    apt (>= 0.0.0)
    chef_handler (~> 1.1.0)
    windows (>= 0.0.0)
    yum (>= 0.0.0)
  java (1.39.0)
    apt (>= 0.0.0)
  java_ext (0.2.0)
    java (>= 0.0.0)
  logrotate (1.9.2)
  newrelic (2.18.0)
    apt (~> 2.0)
    curl (>= 0.0.0)
    python (>= 0.0.0)
    yum (~> 3.0)
  nginx (2.7.6)
    apt (~> 2.2)
    bluepill (~> 2.3)
    build-essential (~> 2.0)
    ohai (~> 2.0)
    runit (~> 1.2)
    yum-epel (~> 0.3)
  ntp (1.10.1)
    windows (>= 0.0.0)
  ohai (2.1.0)
  openssl (4.4.0)
    chef-sugar (>= 3.1.1)
  packagecloud (0.1.1)
  python (1.4.6)
    build-essential (>= 0.0.0)
    yum-epel (>= 0.0.0)
  rsyslog (2.2.0)
  runit (1.7.6)
    packagecloud (>= 0.0.0)
  sudo (2.9.0)
  tomcat (1.0.1)
    java (>= 0.0.0)
    openssl (>= 0.0.0)
    yum-epel (>= 0.0.0)
  users (2.0.2)
  windows (1.39.1)
    chef_handler (>= 0.0.0)
  yum (3.10.0)
  yum-epel (0.6.5)
    yum (~> 3.2)
